# This file is generated by running "yarn install" inside your project.
# Manual changes might be lost - proceed with caution!

__metadata:
  version: 8
  cacheKey: 10c0

"a@npm:^1.0.0":
  version: 1.0.0
  resolution: "a@npm:1.0.0"
  dependencies:
    d: "npm:^2.0.0"
    e: "npm:^1.0.0"
    g: "portal:../g"
    ws-lib: "workspace:^"
  checksum: 10c0/aa
  languageName: node
  linkType: hard

"b@npm:^1.0.0":
  version: 1.0.0
  resolution: "b@npm:1.0.0"
  dependencies:
    d: ^1.0.0
    f: "patch:f@npm%3A^1.0.0#./.yarn/patches/f.patch"
    fsevents: "npm:^2.3.2"
    h-alias: "npm:h@^1.0.0"
  peerDependencies:
    version-peer: "*"
  dependenciesMeta:
    fsevents:
      optional: true
  checksum: 10c0/bb
  languageName: node
  linkType: hard

"c2@npm:c@^2.0.0":
  version: 2.0.0
  resolution: "c@npm:2.0.0"
  dependencies:
    d: "npm:^1.0.0"
  checksum: 10c0/cc
  languageName: node
  linkType: hard

"d@npm:^1.0.0":
  version: 1.0.0
  resolution: "d@npm:1.0.0"
  checksum: 10c0/d1
  languageName: node
  linkType: hard

"d@npm:^2.0.0":
  version: 2.0.0
  resolution: "d@npm:2.0.0"
  dependencies:
    e: "npm:^1.0.0"
  checksum: 10c0/d2
  languageName: node
  linkType: hard

"e@npm:^1.0.0":
  version: 1.0.0
  resolution: "e@npm:1.0.0"
  checksum: 10c0/ee
  languageName: node
  linkType: hard

"f@npm:^1.0.0":
  version: 1.0.0
  resolution: "f@npm:1.0.0"
  checksum: 10c0/ff
  languageName: node
  linkType: hard

"f@patch:f@npm%3A^1.0.0#./.yarn/patches/f.patch::locator=root%40workspace%3A.":
  version: 1.0.0
  resolution: "f@patch:f@npm%3A1.0.0#./.yarn/patches/f.patch::version=1.0.0&hash=0a1b2c&locator=root%40workspace%3A."
  checksum: 10c0/fp
  languageName: node
  linkType: hard

"fsevents@npm:^2.3.2":
  version: 2.3.3
  resolution: "fsevents@npm:2.3.3"
  checksum: 10c0/fs
  conditions: os=darwin
  languageName: node
  linkType: hard

"g@portal:../g::locator=root%40workspace%3A.":
  version: 0.0.0-use.local
  resolution: "g@portal:../g::locator=root%40workspace%3A."
  dependencies:
    e: "npm:^1.0.0"
  languageName: node
  linkType: soft

"h-alias@npm:h@^1.0.0":
  version: 1.0.0
  resolution: "h@npm:1.0.0"
  checksum: 10c0/hh
  languageName: node
  linkType: hard

"root@workspace:.":
  version: 0.0.0-use.local
  resolution: "root@workspace:."
  dependencies:
    a: "npm:^1.0.0"
    b: "npm:^1.0.0"
    c2: "npm:c@^2.0.0"
    ws-lib: "workspace:^"
  languageName: unknown
  linkType: soft

"ws-lib@workspace:^, ws-lib@workspace:packages/ws":
  version: 0.0.0-use.local
  resolution: "ws-lib@workspace:packages/ws"
  dependencies:
    e: "npm:^1.0.0"
  languageName: unknown
  linkType: soft
