packages:
- completed:
    hackage: acme-missiles-0.3@sha256:2ba66a092a32593880a87fb00f3213762d7bca65a687d45965778deb8694c5d1,613
    pantry-tree:
      sha256: 614bc0cca76937507ea0a5ccc17a504c997ce458d7f2f9e43b15a10c8eaeb033
      size: 226
  original:
    hackage: acme-missiles-0.3
- completed:
    name: left-pad
    version: 1.0.0
    git: https://github.com/acme/left-pad-hs
    commit: 0123456789abcdef0123456789abcdef01234567
  original:
    git: https://github.com/acme/left-pad-hs
    commit: 0123456789abcdef0123456789abcdef01234567
snapshots:
- completed:
    sha256: 08bd13ce621b41a8f5e51456b38d5b46d7783ce114a50ab604d6bbab0d002146
    size: 720271
    url: https://raw.githubusercontent.com/commercialhaskell/stackage-snapshots/master/lts/22/43.yaml
  original: lts-22.43
