{
  "items": {
    "malebolgia": {
      "dir": "$deps/malebolgia",
      "url": "https://github.com/Araq/malebolgia",
      "commit": "e3c8ee8d4d1d8e1e8e1e8e1e8e1e8e1e8e1e8e1e",
      "version": "1.3.2"
    },
    "sat": {
      "dir": "$deps/sat",
      "url": "https://github.com/nim-lang/sat",
      "commit": "faf1617f44d7632ee9601ebc13887644925dcc01",
      "version": ""
    }
  },
  "nimcfg": ["--noNimblePath", "--path:\"deps/malebolgia/src\""],
  "hostOS": "linux",
  "hostCPU": "amd64",
  "nimVersion": "2.2.0"
}
