# This file is generated by running "yarn install" inside your project.
# Manual changes might be lost - proceed with caution!

__metadata:
  version: 8
  cacheKey: 10c0

"app@workspace:.":
  version: 0.0.0-use.local
  resolution: "app@workspace:."
  dependencies:
    branchy: "https://github.com/acme-oss/branchy.git#head=main"
    corp: "git+ssh://git@git.corp.example/team/corp.git"
    dep: "npm:^1.0.0"
    pub: "github:acme-oss/pub"
  languageName: unknown
  linkType: soft

"branchy@https://github.com/acme-oss/branchy.git#head=main":
  version: 0.2.0
  resolution: "branchy@https://github.com/acme-oss/branchy.git#head=main"
  languageName: node
  linkType: hard

"corp@git+ssh://git@git.corp.example/team/corp.git":
  version: 2.0.0
  resolution: "corp@ssh://git@git.corp.example/team/corp.git#commit=9e4d2b7a1c8f3e6d0b5a9c2e7f1d4b8a3c6e0f92"
  checksum: 10c0/aaaa
  languageName: node
  linkType: hard

"dep@npm:^1.0.0":
  version: 1.0.0
  resolution: "dep@npm:1.0.0"
  checksum: 10c0/bbbb
  languageName: node
  linkType: hard

"pub@github:acme-oss/pub":
  version: 3.1.0
  resolution: "pub@https://github.com/acme-oss/pub.git#commit=3b8f1e6a9d2c4b7e0f5a8c1d6e9b2f4a7c0d3e5f"
  dependencies:
    dep: "npm:^1.0.0"
    tr: "gitlab:acme-oss/tr"
  checksum: 10c0/cccc
  languageName: node
  linkType: hard

"tr@gitlab:acme-oss/tr":
  version: 0.1.0
  resolution: "tr@https://gitlab.com/acme-oss/tr.git#commit=6c1a9f4e2d7b0c5a8e3f6d1b9c4a7e2f5d0b8c3a"
  checksum: 10c0/dddd
  languageName: node
  linkType: hard
