# This file is automatically @generated by Wally.
registry = "test"

[[package]]
name = "acme/game"
version = "0.1.0"
dependencies = [["Promise", "evaera/promise@4.0.0"], ["Roact", "roblox/roact@1.4.4"]]

[[package]]
name = "evaera/promise"
version = "4.0.0"
dependencies = []

[[package]]
name = "roblox/roact"
version = "1.4.4"
dependencies = [["Promise", "evaera/promise@4.0.0"]]
