{
  "name": "root",
  "lockfileVersion": 1,
  "requires": true,
  "dependencies": {
    "a": {
      "version": "1.0.0",
      "requires": {
        "d": "^2.0.0",
        "e": "^1.0.0",
        "ws-lib": "file:packages/ws"
      },
      "dependencies": {
        "d": {
          "version": "2.0.0",
          "requires": {
            "e": "^1.0.0"
          }
        }
      }
    },
    "b": {
      "version": "1.0.0",
      "requires": {
        "d": "^1.0.0",
        "f": "^1.0.0",
        "h-alias": "npm:h@^1.0.0"
      }
    },
    "c2": {
      "version": "npm:c@2.0.0",
      "requires": {
        "d": "^1.0.0"
      }
    },
    "d": {
      "version": "1.0.0"
    },
    "e": {
      "version": "1.0.0"
    },
    "f": {
      "version": "1.0.0"
    },
    "h-alias": {
      "version": "npm:h@1.0.0"
    },
    "ws-lib": {
      "version": "file:packages/ws",
      "requires": {
        "e": "^1.0.0"
      }
    }
  }
}
