{
  "name": "root",
  "lockfileVersion": 3,
  "requires": true,
  "packages": {
    "": {
      "name": "root",
      "workspaces": [
        "packages/*"
      ],
      "dependencies": {
        "a": "^1.0.0",
        "b": "^1.0.0",
        "c2": "npm:c@^2.0.0"
      }
    },
    "node_modules/a": {
      "version": "1.0.0",
      "dependencies": {
        "d": "^2.0.0",
        "e": "^1.0.0",
        "ws-lib": "*"
      }
    },
    "node_modules/a/node_modules/d": {
      "version": "2.0.0",
      "dependencies": {
        "e": "^1.0.0"
      }
    },
    "node_modules/b": {
      "version": "1.0.0",
      "dependencies": {
        "d": "^1.0.0",
        "f": "^1.0.0",
        "h-alias": "npm:h@^1.0.0"
      },
      "optionalDependencies": {
        "fsevents": "^2.3.2"
      }
    },
    "node_modules/c2": {
      "name": "c",
      "version": "2.0.0",
      "dependencies": {
        "d": "^1.0.0"
      }
    },
    "node_modules/d": {
      "version": "1.0.0"
    },
    "node_modules/e": {
      "version": "1.0.0"
    },
    "node_modules/f": {
      "version": "1.0.0"
    },
    "node_modules/h-alias": {
      "name": "h",
      "version": "1.0.0"
    },
    "node_modules/ws-lib": {
      "resolved": "packages/ws",
      "link": true
    },
    "packages/ws": {
      "name": "ws-lib",
      "version": "0.1.0",
      "dependencies": {
        "e": "^1.0.0"
      }
    }
  }
}
